// !$*UTF8*$!
{
	archiveVersion = 1;
	classes = {
	};
	objectVersion = 56;
	objects = {

/* Begin PBXBuildFile section */
		0838F4462BC52DB50004B9E0 /* DesignSystemApp.swift in Sources */ = {isa = PBXBuildFile; fileRef = 0838F4452BC52DB50004B9E0 /* DesignSystemApp.swift */; };
		0838F4482BC52DB50004B9E0 /* ContentView.swift in Sources */ = {isa = PBXBuildFile; fileRef = 0838F4472BC52DB50004B9E0 /* ContentView.swift */; };
		0838F44A2BC52DB70004B9E0 /* Assets.xcassets in Resources */ = {isa = PBXBuildFile; fileRef = 0838F4492BC52DB70004B9E0 /* Assets.xcassets */; };
		0838F44D2BC52DB70004B9E0 /* Preview Assets.xcassets in Resources */ = {isa = PBXBuildFile; fileRef = 0838F44C2BC52DB70004B9E0 /* Preview Assets.xcassets */; };
		0838F4542BC52E600004B9E0 /* FirstView.swift in Sources */ = {isa = PBXBuildFile; fileRef = 0838F4532BC52E600004B9E0 /* FirstView.swift */; };
		08A1D8662BC5542B00B33504 /* DSColor.swift in Sources */ = {isa = PBXBuildFile; fileRef = 08A1D8652BC5542B00B33504 /* DSColor.swift */; };
		08A1D8692BC749B400B33504 /* DSFonts.xcassets in Resources */ = {isa = PBXBuildFile; fileRef = 08A1D8682BC749B400B33504 /* DSFonts.xcassets */; };
		08A1D86D2BC74BB100B33504 /* DSFont.swift in Sources */ = {isa = PBXBuildFile; fileRef = 08A1D86C2BC74BB100B33504 /* DSFont.swift */; };
		08A1D8702BC7504900B33504 /* DSColors.xcassets in Resources */ = {isa = PBXBuildFile; fileRef = 08A1D86F2BC7504900B33504 /* DSColors.xcassets */; };
		08A1D89A2BC7E42300B33504 /* DSModifier.swift in Sources */ = {isa = PBXBuildFile; fileRef = 08A1D8992BC7E42300B33504 /* DSModifier.swift */; };
/* End PBXBuildFile section */

/* Begin PBXFileReference section */
		0838F4422BC52DB50004B9E0 /* DesignSystem.app */ = {isa = PBXFileReference; explicitFileType = wrapper.application; includeInIndex = 0; path = DesignSystem.app; sourceTree = BUILT_PRODUCTS_DIR; };
		0838F4452BC52DB50004B9E0 /* DesignSystemApp.swift */ = {isa = PBXFileReference; lastKnownFileType = sourcecode.swift; path = DesignSystemApp.swift; sourceTree = "<group>"; };
		0838F4472BC52DB50004B9E0 /* ContentView.swift */ = {isa = PBXFileReference; lastKnownFileType = sourcecode.swift; path = ContentView.swift; sourceTree = "<group>"; };
		0838F4492BC52DB70004B9E0 /* Assets.xcassets */ = {isa = PBXFileReference; lastKnownFileType = folder.assetcatalog; path = Assets.xcassets; sourceTree = "<group>"; };
		0838F44C2BC52DB70004B9E0 /* Preview Assets.xcassets */ = {isa = PBXFileReference; lastKnownFileType = folder.assetcatalog; path = "Preview Assets.xcassets"; sourceTree = "<group>"; };
		0838F4532BC52E600004B9E0 /* FirstView.swift */ = {isa = PBXFileReference; lastKnownFileType = sourcecode.swift; path = FirstView.swift; sourceTree = "<group>"; };
		08A1D8652BC5542B00B33504 /* DSColor.swift */ = {isa = PBXFileReference; lastKnownFileType = sourcecode.swift; path = DSColor.swift; sourceTree = "<group>"; };
		08A1D8682BC749B400B33504 /* DSFonts.xcassets */ = {isa = PBXFileReference; lastKnownFileType = folder.assetcatalog; path = DSFonts.xcassets; sourceTree = "<group>"; };
		08A1D86B2BC74A7500B33504 /* Info.plist */ = {isa = PBXFileReference; lastKnownFileType = text.plist; path = Info.plist; sourceTree = "<group>"; };
		08A1D86C2BC74BB100B33504 /* DSFont.swift */ = {isa = PBXFileReference; lastKnownFileType = sourcecode.swift; path = DSFont.swift; sourceTree = "<group>"; };
		08A1D86F2BC7504900B33504 /* DSColors.xcassets */ = {isa = PBXFileReference; lastKnownFileType = folder.assetcatalog; path = DSColors.xcassets; sourceTree = "<group>"; };
		08A1D8992BC7E42300B33504 /* DSModifier.swift */ = {isa = PBXFileReference; lastKnownFileType = sourcecode.swift; path = DSModifier.swift; sourceTree = "<group>"; };
/* End PBXFileReference section */

/* Begin PBXFrameworksBuildPhase section */
		0838F43F2BC52DB50004B9E0 /* Frameworks */ = {
			isa = PBXFrameworksBuildPhase;
			buildActionMask = 2147483647;
			files = (
			);
			runOnlyForDeploymentPostprocessing = 0;
		};
/* End PBXFrameworksBuildPhase section */

/* Begin PBXGroup section */
		0838F4392BC52DB50004B9E0 = {
			isa = PBXGroup;
			children = (
				0838F4442BC52DB50004B9E0 /* DesignSystem */,
				0838F4432BC52DB50004B9E0 /* Products */,
			);
			sourceTree = "<group>";
		};
		0838F4432BC52DB50004B9E0 /* Products */ = {
			isa = PBXGroup;
			children = (
				0838F4422BC52DB50004B9E0 /* DesignSystem.app */,
			);
			name = Products;
			sourceTree = "<group>";
		};
		0838F4442BC52DB50004B9E0 /* DesignSystem */ = {
			isa = PBXGroup;
			children = (
				08A1D89B2BC8054B00B33504 /* View */,
				08A1D86E2BC7502B00B33504 /* DSDesignSystem */,
				08A1D86B2BC74A7500B33504 /* Info.plist */,
				0838F4452BC52DB50004B9E0 /* DesignSystemApp.swift */,
				0838F4492BC52DB70004B9E0 /* Assets.xcassets */,
				0838F44B2BC52DB70004B9E0 /* Preview Content */,
			);
			path = DesignSystem;
			sourceTree = "<group>";
		};
		0838F44B2BC52DB70004B9E0 /* Preview Content */ = {
			isa = PBXGroup;
			children = (
				0838F44C2BC52DB70004B9E0 /* Preview Assets.xcassets */,
			);
			path = "Preview Content";
			sourceTree = "<group>";
		};
		08A1D86E2BC7502B00B33504 /* DSDesignSystem */ = {
			isa = PBXGroup;
			children = (
				08A1D8652BC5542B00B33504 /* DSColor.swift */,
				08A1D86C2BC74BB100B33504 /* DSFont.swift */,
				08A1D8992BC7E42300B33504 /* DSModifier.swift */,
				08A1D8682BC749B400B33504 /* DSFonts.xcassets */,
				08A1D86F2BC7504900B33504 /* DSColors.xcassets */,
			);
			path = DSDesignSystem;
			sourceTree = "<group>";
		};
		08A1D89B2BC8054B00B33504 /* View */ = {
			isa = PBXGroup;
			children = (
				0838F4472BC52DB50004B9E0 /* ContentView.swift */,
				0838F4532BC52E600004B9E0 /* FirstView.swift */,
			);
			path = View;
			sourceTree = "<group>";
		};
/* End PBXGroup section */

/* Begin PBXNativeTarget section */
		0838F4412BC52DB50004B9E0 /* DesignSystem */ = {
			isa = PBXNativeTarget;
			buildConfigurationList = 0838F4502BC52DB70004B9E0 /* Build configuration list for PBXNativeTarget "DesignSystem" */;
			buildPhases = (
				0838F43E2BC52DB50004B9E0 /* Sources */,
				0838F43F2BC52DB50004B9E0 /* Frameworks */,
				0838F4402BC52DB50004B9E0 /* Resources */,
			);
			buildRules = (
			);
			dependencies = (
			);
			name = DesignSystem;
			productName = DesignSystem;
			productReference = 0838F4422BC52DB50004B9E0 /* DesignSystem.app */;
			productType = "com.apple.product-type.application";
		};
/* End PBXNativeTarget section */

/* Begin PBXProject section */
		0838F43A2BC52DB50004B9E0 /* Project object */ = {
			isa = PBXProject;
			attributes = {
				BuildIndependentTargetsInParallel = 1;
				LastSwiftUpdateCheck = 1530;
				LastUpgradeCheck = 1530;
				TargetAttributes = {
					0838F4412BC52DB50004B9E0 = {
						CreatedOnToolsVersion = 15.3;
					};
				};
			};
			buildConfigurationList = 0838F43D2BC52DB50004B9E0 /* Build configuration list for PBXProject "DesignSystem" */;
			compatibilityVersion = "Xcode 14.0";
			developmentRegion = en;
			hasScannedForEncodings = 0;
			knownRegions = (
				en,
				Base,
			);
			mainGroup = 0838F4392BC52DB50004B9E0;
			productRefGroup = 0838F4432BC52DB50004B9E0 /* Products */;
			projectDirPath = "";
			projectRoot = "";
			targets = (
				0838F4412BC52DB50004B9E0 /* DesignSystem */,
			);
		};
/* End PBXProject section */

/* Begin PBXResourcesBuildPhase section */
		0838F4402BC52DB50004B9E0 /* Resources */ = {
			isa = PBXResourcesBuildPhase;
			buildActionMask = 2147483647;
			files = (
				0838F44D2BC52DB70004B9E0 /* Preview Assets.xcassets in Resources */,
				08A1D8702BC7504900B33504 /* DSColors.xcassets in Resources */,
				0838F44A2BC52DB70004B9E0 /* Assets.xcassets in Resources */,
				08A1D8692BC749B400B33504 /* DSFonts.xcassets in Resources */,
			);
			runOnlyForDeploymentPostprocessing = 0;
		};
/* End PBXResourcesBuildPhase section */

/* Begin PBXSourcesBuildPhase section */
		0838F43E2BC52DB50004B9E0 /* Sources */ = {
			isa = PBXSourcesBuildPhase;
			buildActionMask = 2147483647;
			files = (
				0838F4482BC52DB50004B9E0 /* ContentView.swift in Sources */,
				08A1D86D2BC74BB100B33504 /* DSFont.swift in Sources */,
				08A1D8662BC5542B00B33504 /* DSColor.swift in Sources */,
				0838F4542BC52E600004B9E0 /* FirstView.swift in Sources */,
				0838F4462BC52DB50004B9E0 /* DesignSystemApp.swift in Sources */,
				08A1D89A2BC7E42300B33504 /* DSModifier.swift in Sources */,
			);
			runOnlyForDeploymentPostprocessing = 0;
		};
/* End PBXSourcesBuildPhase section */

/* Begin XCBuildConfiguration section */
		0838F44E2BC52DB70004B9E0 /* Debug */ = {
			isa = XCBuildConfiguration;
			buildSettings = {
				ALWAYS_SEARCH_USER_PATHS = NO;
				ASSETCATALOG_COMPILER_GENERATE_SWIFT_ASSET_SYMBOL_EXTENSIONS = YES;
				CLANG_ANALYZER_NONNULL = YES;
				CLANG_ANALYZER_NUMBER_OBJECT_CONVERSION = YES_AGGRESSIVE;
				CLANG_CXX_LANGUAGE_STANDARD = "gnu++20";
				CLANG_ENABLE_MODULES = YES;
				CLANG_ENABLE_OBJC_ARC = YES;
				CLANG_ENABLE_OBJC_WEAK = YES;
				CLANG_WARN_BLOCK_CAPTURE_AUTORELEASING = YES;
				CLANG_WARN_BOOL_CONVERSION = YES;
				CLANG_WARN_COMMA = YES;
				CLANG_WARN_CONSTANT_CONVERSION = YES;
				CLANG_WARN_DEPRECATED_OBJC_IMPLEMENTATIONS = YES;
				CLANG_WARN_DIRECT_OBJC_ISA_USAGE = YES_ERROR;
				CLANG_WARN_DOCUMENTATION_COMMENTS = YES;
				CLANG_WARN_EMPTY_BODY = YES;
				CLANG_WARN_ENUM_CONVERSION = YES;
				CLANG_WARN_INFINITE_RECURSION = YES;
				CLANG_WARN_INT_CONVERSION = YES;
				CLANG_WARN_NON_LITERAL_NULL_CONVERSION = YES;
				CLANG_WARN_OBJC_IMPLICIT_RETAIN_SELF = YES;
				CLANG_WARN_OBJC_LITERAL_CONVERSION = YES;
				CLANG_WARN_OBJC_ROOT_CLASS = YES_ERROR;
				CLANG_WARN_QUOTED_INCLUDE_IN_FRAMEWORK_HEADER = YES;
				CLANG_WARN_RANGE_LOOP_ANALYSIS = YES;
				CLANG_WARN_STRICT_PROTOTYPES = YES;
				CLANG_WARN_SUSPICIOUS_MOVE = YES;
				CLANG_WARN_UNGUARDED_AVAILABILITY = YES_AGGRESSIVE;
				CLANG_WARN_UNREACHABLE_CODE = YES;
				CLANG_WARN__DUPLICATE_METHOD_MATCH = YES;
				COPY_PHASE_STRIP = NO;
				DEBUG_INFORMATION_FORMAT = dwarf;
				ENABLE_STRICT_OBJC_MSGSEND = YES;
				ENABLE_TESTABILITY = YES;
				ENABLE_USER_SCRIPT_SANDBOXING = YES;
				GCC_C_LANGUAGE_STANDARD = gnu17;
				GCC_DYNAMIC_NO_PIC = NO;
				GCC_NO_COMMON_BLOCKS = YES;
				GCC_OPTIMIZATION_LEVEL = 0;
				GCC_PREPROCESSOR_DEFINITIONS = (
					"DEBUG=1",
					"$(inherited)",
				);
				GCC_WARN_64_TO_32_BIT_CONVERSION = YES;
				GCC_WARN_ABOUT_RETURN_TYPE = YES_ERROR;
				GCC_WARN_UNDECLARED_SELECTOR = YES;
				GCC_WARN_UNINITIALIZED_AUTOS = YES_AGGRESSIVE;
				GCC_WARN_UNUSED_FUNCTION = YES;
				GCC_WARN_UNUSED_VARIABLE = YES;
				IPHONEOS_DEPLOYMENT_TARGET = 17.4;
				LOCALIZATION_PREFERS_STRING_CATALOGS = YES;
				MTL_ENABLE_DEBUG_INFO = INCLUDE_SOURCE;
				MTL_FAST_MATH = YES;
				ONLY_ACTIVE_ARCH = YES;
				SDKROOT = iphoneos;
				SWIFT_ACTIVE_COMPILATION_CONDITIONS = "DEBUG $(inherited)";
				SWIFT_OPTIMIZATION_LEVEL = "-Onone";
			};
			name = Debug;
		};
		0838F44F2BC52DB70004B9E0 /* Release */ = {
			isa = XCBuildConfiguration;
			buildSettings = {
				ALWAYS_SEARCH_USER_PATHS = NO;
				ASSETCATALOG_COMPILER_GENERATE_SWIFT_ASSET_SYMBOL_EXTENSIONS = YES;
				CLANG_ANALYZER_NONNULL = YES;
				CLANG_ANALYZER_NUMBER_OBJECT_CONVERSION = YES_AGGRESSIVE;
				CLANG_CXX_LANGUAGE_STANDARD = "gnu++20";
				CLANG_ENABLE_MODULES = YES;
				CLANG_ENABLE_OBJC_ARC = YES;
				CLANG_ENABLE_OBJC_WEAK = YES;
				CLANG_WARN_BLOCK_CAPTURE_AUTORELEASING = YES;
				CLANG_WARN_BOOL_CONVERSION = YES;
				CLANG_WARN_COMMA = YES;
				CLANG_WARN_CONSTANT_CONVERSION = YES;
				CLANG_WARN_DEPRECATED_OBJC_IMPLEMENTATIONS = YES;
				CLANG_WARN_DIRECT_OBJC_ISA_USAGE = YES_ERROR;
				CLANG_WARN_DOCUMENTATION_COMMENTS = YES;
				CLANG_WARN_EMPTY_BODY = YES;
				CLANG_WARN_ENUM_CONVERSION = YES;
				CLANG_WARN_INFINITE_RECURSION = YES;
				CLANG_WARN_INT_CONVERSION = YES;
				CLANG_WARN_NON_LITERAL_NULL_CONVERSION = YES;
				CLANG_WARN_OBJC_IMPLICIT_RETAIN_SELF = YES;
				CLANG_WARN_OBJC_LITERAL_CONVERSION = YES;
				CLANG_WARN_OBJC_ROOT_CLASS = YES_ERROR;
				CLANG_WARN_QUOTED_INCLUDE_IN_FRAMEWORK_HEADER = YES;
				CLANG_WARN_RANGE_LOOP_ANALYSIS = YES;
				CLANG_WARN_STRICT_PROTOTYPES = YES;
				CLANG_WARN_SUSPICIOUS_MOVE = YES;
				CLANG_WARN_UNGUARDED_AVAILABILITY = YES_AGGRESSIVE;
				CLANG_WARN_UNREACHABLE_CODE = YES;
				CLANG_WARN__DUPLICATE_METHOD_MATCH = YES;
				COPY_PHASE_STRIP = NO;
				DEBUG_INFORMATION_FORMAT = "dwarf-with-dsym";
				ENABLE_NS_ASSERTIONS = NO;
				ENABLE_STRICT_OBJC_MSGSEND = YES;
				ENABLE_USER_SCRIPT_SANDBOXING = YES;
				GCC_C_LANGUAGE_STANDARD = gnu17;
				GCC_NO_COMMON_BLOCKS = YES;
				GCC_WARN_64_TO_32_BIT_CONVERSION = YES;
				GCC_WARN_ABOUT_RETURN_TYPE = YES_ERROR;
				GCC_WARN_UNDECLARED_SELECTOR = YES;
				GCC_WARN_UNINITIALIZED_AUTOS = YES_AGGRESSIVE;
				GCC_WARN_UNUSED_FUNCTION = YES;
				GCC_WARN_UNUSED_VARIABLE = YES;
				IPHONEOS_DEPLOYMENT_TARGET = 17.4;
				LOCALIZATION_PREFERS_STRING_CATALOGS = YES;
				MTL_ENABLE_DEBUG_INFO = NO;
				MTL_FAST_MATH = YES;
				SDKROOT = iphoneos;
				SWIFT_COMPILATION_MODE = wholemodule;
				VALIDATE_PRODUCT = YES;
			};
			name = Release;
		};
		0838F4512BC52DB70004B9E0 /* Debug */ = {
			isa = XCBuildConfiguration;
			buildSettings = {
				ASSETCATALOG_COMPILER_APPICON_NAME = AppIcon;
				ASSETCATALOG_COMPILER_GLOBAL_ACCENT_COLOR_NAME = AccentColor;
				CODE_SIGN_STYLE = Automatic;
				CURRENT_PROJECT_VERSION = 1;
				DEVELOPMENT_ASSET_PATHS = "\"DesignSystem/Preview Content\"";
				ENABLE_PREVIEWS = YES;
				GENERATE_INFOPLIST_FILE = YES;
				INFOPLIST_FILE = DesignSystem/Info.plist;
				INFOPLIST_KEY_UIApplicationSceneManifest_Generation = YES;
				INFOPLIST_KEY_UIApplicationSupportsIndirectInputEvents = YES;
				INFOPLIST_KEY_UILaunchScreen_Generation = YES;
				INFOPLIST_KEY_UISupportedInterfaceOrientations_iPad = "UIInterfaceOrientationPortrait UIInterfaceOrientationPortraitUpsideDown UIInterfaceOrientationLandscapeLeft UIInterfaceOrientationLandscapeRight";
				INFOPLIST_KEY_UISupportedInterfaceOrientations_iPhone = "UIInterfaceOrientationPortrait UIInterfaceOrientationLandscapeLeft UIInterfaceOrientationLandscapeRight";
				LD_RUNPATH_SEARCH_PATHS = (
					"$(inherited)",
					"@executable_path/Frameworks",
				);
				MARKETING_VERSION = 1.0;
				PRODUCT_BUNDLE_IDENTIFIER = com.xerath.DesignSystem;
				PRODUCT_NAME = "$(TARGET_NAME)";
				SWIFT_EMIT_LOC_STRINGS = YES;
				SWIFT_VERSION = 5.0;
				TARGETED_DEVICE_FAMILY = "1,2";
			};
			name = Debug;
		};
		0838F4522BC52DB70004B9E0 /* Release */ = {
			isa = XCBuildConfiguration;
			buildSettings = {
				ASSETCATALOG_COMPILER_APPICON_NAME = AppIcon;
				ASSETCATALOG_COMPILER_GLOBAL_ACCENT_COLOR_NAME = AccentColor;
				CODE_SIGN_STYLE = Automatic;
				CURRENT_PROJECT_VERSION = 1;
				DEVELOPMENT_ASSET_PATHS = "\"DesignSystem/Preview Content\"";
				ENABLE_PREVIEWS = YES;
				GENERATE_INFOPLIST_FILE = YES;
				INFOPLIST_FILE = DesignSystem/Info.plist;
				INFOPLIST_KEY_UIApplicationSceneManifest_Generation = YES;
				INFOPLIST_KEY_UIApplicationSupportsIndirectInputEvents = YES;
				INFOPLIST_KEY_UILaunchScreen_Generation = YES;
				INFOPLIST_KEY_UISupportedInterfaceOrientations_iPad = "UIInterfaceOrientationPortrait UIInterfaceOrientationPortraitUpsideDown UIInterfaceOrientationLandscapeLeft UIInterfaceOrientationLandscapeRight";
				INFOPLIST_KEY_UISupportedInterfaceOrientations_iPhone = "UIInterfaceOrientationPortrait UIInterfaceOrientationLandscapeLeft UIInterfaceOrientationLandscapeRight";
				LD_RUNPATH_SEARCH_PATHS = (
					"$(inherited)",
					"@executable_path/Frameworks",
				);
				MARKETING_VERSION = 1.0;
				PRODUCT_BUNDLE_IDENTIFIER = com.xerath.DesignSystem;
				PRODUCT_NAME = "$(TARGET_NAME)";
				SWIFT_EMIT_LOC_STRINGS = YES;
				SWIFT_VERSION = 5.0;
				TARGETED_DEVICE_FAMILY = "1,2";
			};
			name = Release;
		};
/* End XCBuildConfiguration section */

/* Begin XCConfigurationList section */
		0838F43D2BC52DB50004B9E0 /* Build configuration list for PBXProject "DesignSystem" */ = {
			isa = XCConfigurationList;
			buildConfigurations = (
				0838F44E2BC52DB70004B9E0 /* Debug */,
				0838F44F2BC52DB70004B9E0 /* Release */,
			);
			defaultConfigurationIsVisible = 0;
			defaultConfigurationName = Release;
		};
		0838F4502BC52DB70004B9E0 /* Build configuration list for PBXNativeTarget "DesignSystem" */ = {
			isa = XCConfigurationList;
			buildConfigurations = (
				0838F4512BC52DB70004B9E0 /* Debug */,
				0838F4522BC52DB70004B9E0 /* Release */,
			);
			defaultConfigurationIsVisible = 0;
			defaultConfigurationName = Release;
		};
/* End XCConfigurationList section */
	};
	rootObject = 0838F43A2BC52DB50004B9E0 /* Project object */;
}
